# This file is automatically @generated by Cargo.
# It is not intended for manual editing.
[[package]]
name = "tini"
version = "0.2.0"
source = "registry+https://github.com/rust-lang/crates.io-index"

[[package]]
name = "xcursor"
version = "0.1.0"
dependencies = [
 "tini 0.2.0 (registry+https://github.com/rust-lang/crates.io-index)",
]

[metadata]
"checksum tini 0.2.0 (registry+https://github.com/rust-lang/crates.io-index)" = "11eeaa68267376df2aacbaaed9b0092544ebbc897cd59f61e81a1105fbaf102e"
